PODS:
  - Alamofire (5.2.2)
  - AlamofireImage (4.1.0):
    - Alamofire (~> 5.1)
  - AMProgressBar (0.1.0)
  - DeviceKit (3.2.0)
  - DirectoryWatcher (2.6.0)
  - IDZSwiftCommonCrypto (0.13.0)
  - JGProgressHUD (2.1)
  - MarqueeLabel/Swift (3.2.1)
  - SDWebImage (5.8.4):
    - SDWebImage/Core (= 5.8.4)
  - SDWebImage/Core (5.8.4)
  - SearchTextField (1.2.4)
  - SwiftReorder (7.2.0)
  - SwiftyJSON (5.0.0)
  - SwiftyXMLParser (5.1.0)
  - Toast-Swift (5.0.1)

DEPENDENCIES:
  - Alamofire
  - AlamofireImage
  - AMProgressBar
  - DeviceKit
  - DirectoryWatcher
  - IDZSwiftCommonCrypto
  - JGProgressHUD
  - MarqueeLabel/Swift
  - SDWebImage
  - SearchTextField
  - SwiftReorder
  - SwiftyJSON
  - SwiftyXMLParser (from `https://github.com/yahoojapan/SwiftyXMLParser.git`)
  - Toast-Swift

SPEC REPOS:
  trunk:
    - Alamofire
    - AlamofireImage
    - AMProgressBar
    - DeviceKit
    - DirectoryWatcher
    - IDZSwiftCommonCrypto
    - JGProgressHUD
    - MarqueeLabel
    - SDWebImage
    - SearchTextField
    - SwiftReorder
    - SwiftyJSON
    - Toast-Swift

EXTERNAL SOURCES:
  SwiftyXMLParser:
    :git: https://github.com/yahoojapan/SwiftyXMLParser.git

CHECKOUT OPTIONS:
  SwiftyXMLParser:
    :commit: ec7f183642adf429babd867d1a38c5c6912408ba
    :git: https://github.com/yahoojapan/SwiftyXMLParser.git

SPEC CHECKSUMS:
  Alamofire: 814429acc853c6c54ff123fc3d2ef66803823ce0
  AlamofireImage: c4a2ba349885fb3064feb74d2e547bd42ce9be10
  AMProgressBar: 3f4671c4af4cb4fc9864ddc0a688450c8c7d1561
  DeviceKit: d081659419cce07c0b5239dbc9fb39ed7413c7fe
  DirectoryWatcher: 094d59b8082c89be95a98754755b014f1470fbe8
  IDZSwiftCommonCrypto: 00dd37cdfbd149312a7e5a582cf9909f8b129f44
  JGProgressHUD: aa403e9a5b45cae98903c4600cccdd98c0c3ec90
  MarqueeLabel: 2daf039bf916937c8a4c9adfc13577cc5e51b4ce
  SDWebImage: cf6922231e95550934da2ada0f20f2becf2ceba9
  SearchTextField: 40dc3cc57def5a211f263cac263622c163bbc25a
  SwiftReorder: d687883abf5f2327268e006b038025a6fc515e34
  SwiftyJSON: 36413e04c44ee145039d332b4f4e2d3e8d6c4db7
  SwiftyXMLParser: 23b5a9321a8adf72aae29046ea58c3d097b4ac17
  Toast-Swift: 9b6a70f28b3bf0b96c40d46c0c4b9d6639846711

PODFILE CHECKSUM: 452d911a30606e17d85da9a65e00a19cdd94c195

COCOAPODS: 1.10.0
